
Microsoft Visual Studio Solution File, Format Version 12.00
# Visual Studio Version 16
VisualStudioVersion = 16.0.30225.117
MinimumVisualStudioVersion = 10.0.40219.1
Project("{FAE04EC0-301F-11D3-BF4B-00C04F79EFBC}") = "_2020_07_23Assignment", "_2020_07_23Assignment.csproj", "{8D4A769A-39C1-4AAD-B601-ED6E82747793}"
EndProject
Global
	GlobalSection(SolutionConfigurationPlatforms) = preSolution
		Debug|Any CPU = Debug|Any CPU
		Release|Any CPU = Release|Any CPU
	EndGlobalSection
	GlobalSection(ProjectConfigurationPlatforms) = postSolution
		{8D4A769A-39C1-4AAD-B601-ED6E82747793}.Debug|Any CPU.ActiveCfg = Debug|Any CPU
		{8D4A769A-39C1-4AAD-B601-ED6E82747793}.Debug|Any CPU.Build.0 = Debug|Any CPU
		{8D4A769A-39C1-4AAD-B601-ED6E82747793}.Release|Any CPU.ActiveCfg = Release|Any CPU
		{8D4A769A-39C1-4AAD-B601-ED6E82747793}.Release|Any CPU.Build.0 = Release|Any CPU
	EndGlobalSection
	GlobalSection(SolutionProperties) = preSolution
		HideSolutionNode = FALSE
	EndGlobalSection
	GlobalSection(ExtensibilityGlobals) = postSolution
		SolutionGuid = {5189CF67-AC14-4272-A9AF-D64050FC9D6E}
	EndGlobalSection
EndGlobal
