
Microsoft Visual Studio Solution File, Format Version 12.00
# Visual Studio Version 16
VisualStudioVersion = 16.0.30225.117
MinimumVisualStudioVersion = 10.0.40219.1
Project("{FAE04EC0-301F-11D3-BF4B-00C04F79EFBC}") = "_2020_07_20Console", "_2020_07_20Console.csproj", "{3A9407EE-BADB-49AD-A392-C6D888D315C5}"
EndProject
Global
	GlobalSection(SolutionConfigurationPlatforms) = preSolution
		Debug|Any CPU = Debug|Any CPU
		Release|Any CPU = Release|Any CPU
	EndGlobalSection
	GlobalSection(ProjectConfigurationPlatforms) = postSolution
		{3A9407EE-BADB-49AD-A392-C6D888D315C5}.Debug|Any CPU.ActiveCfg = Debug|Any CPU
		{3A9407EE-BADB-49AD-A392-C6D888D315C5}.Debug|Any CPU.Build.0 = Debug|Any CPU
		{3A9407EE-BADB-49AD-A392-C6D888D315C5}.Release|Any CPU.ActiveCfg = Release|Any CPU
		{3A9407EE-BADB-49AD-A392-C6D888D315C5}.Release|Any CPU.Build.0 = Release|Any CPU
	EndGlobalSection
	GlobalSection(SolutionProperties) = preSolution
		HideSolutionNode = FALSE
	EndGlobalSection
	GlobalSection(ExtensibilityGlobals) = postSolution
		SolutionGuid = {B856D094-5916-4140-A96B-76E36A8F7750}
	EndGlobalSection
EndGlobal
