
Microsoft Visual Studio Solution File, Format Version 12.00
# Visual Studio Version 16
VisualStudioVersion = 16.0.30225.117
MinimumVisualStudioVersion = 10.0.40219.1
Project("{FAE04EC0-301F-11D3-BF4B-00C04F79EFBC}") = "_15_Sound", "_15_Sound\_15_Sound.csproj", "{46D9A9F5-34B3-45C4-A64D-1032C3CDCDFA}"
EndProject
Project("{FAE04EC0-301F-11D3-BF4B-00C04F79EFBC}") = "_16_MoviePlayer", "_16_MoviePlayer\_16_MoviePlayer.csproj", "{35EA17C9-6E22-4EDA-8D37-833D21463D8B}"
EndProject
Project("{FAE04EC0-301F-11D3-BF4B-00C04F79EFBC}") = "_17_Menu", "_17_Menu\_17_Menu.csproj", "{6ABCA97D-7B25-4198-B980-D42F5D0EA55E}"
EndProject
Project("{FAE04EC0-301F-11D3-BF4B-00C04F79EFBC}") = "_18_WebBrowser", "_18_WebBrowser\_18_WebBrowser.csproj", "{D95AC4E6-87FE-4EF6-AAEE-C5E58ED6D8CC}"
EndProject
Global
	GlobalSection(SolutionConfigurationPlatforms) = preSolution
		Debug|Any CPU = Debug|Any CPU
		Release|Any CPU = Release|Any CPU
	EndGlobalSection
	GlobalSection(ProjectConfigurationPlatforms) = postSolution
		{46D9A9F5-34B3-45C4-A64D-1032C3CDCDFA}.Debug|Any CPU.ActiveCfg = Debug|Any CPU
		{46D9A9F5-34B3-45C4-A64D-1032C3CDCDFA}.Debug|Any CPU.Build.0 = Debug|Any CPU
		{46D9A9F5-34B3-45C4-A64D-1032C3CDCDFA}.Release|Any CPU.ActiveCfg = Release|Any CPU
		{46D9A9F5-34B3-45C4-A64D-1032C3CDCDFA}.Release|Any CPU.Build.0 = Release|Any CPU
		{35EA17C9-6E22-4EDA-8D37-833D21463D8B}.Debug|Any CPU.ActiveCfg = Debug|Any CPU
		{35EA17C9-6E22-4EDA-8D37-833D21463D8B}.Debug|Any CPU.Build.0 = Debug|Any CPU
		{35EA17C9-6E22-4EDA-8D37-833D21463D8B}.Release|Any CPU.ActiveCfg = Release|Any CPU
		{35EA17C9-6E22-4EDA-8D37-833D21463D8B}.Release|Any CPU.Build.0 = Release|Any CPU
		{6ABCA97D-7B25-4198-B980-D42F5D0EA55E}.Debug|Any CPU.ActiveCfg = Debug|Any CPU
		{6ABCA97D-7B25-4198-B980-D42F5D0EA55E}.Debug|Any CPU.Build.0 = Debug|Any CPU
		{6ABCA97D-7B25-4198-B980-D42F5D0EA55E}.Release|Any CPU.ActiveCfg = Release|Any CPU
		{6ABCA97D-7B25-4198-B980-D42F5D0EA55E}.Release|Any CPU.Build.0 = Release|Any CPU
		{D95AC4E6-87FE-4EF6-AAEE-C5E58ED6D8CC}.Debug|Any CPU.ActiveCfg = Debug|Any CPU
		{D95AC4E6-87FE-4EF6-AAEE-C5E58ED6D8CC}.Debug|Any CPU.Build.0 = Debug|Any CPU
		{D95AC4E6-87FE-4EF6-AAEE-C5E58ED6D8CC}.Release|Any CPU.ActiveCfg = Release|Any CPU
		{D95AC4E6-87FE-4EF6-AAEE-C5E58ED6D8CC}.Release|Any CPU.Build.0 = Release|Any CPU
	EndGlobalSection
	GlobalSection(SolutionProperties) = preSolution
		HideSolutionNode = FALSE
	EndGlobalSection
	GlobalSection(ExtensibilityGlobals) = postSolution
		SolutionGuid = {EAD6FF85-1530-497F-9482-FCAFDF6313E5}
	EndGlobalSection
EndGlobal
