
Microsoft Visual Studio Solution File, Format Version 12.00
# Visual Studio Version 16
VisualStudioVersion = 16.0.31624.102
MinimumVisualStudioVersion = 10.0.40219.1
Project("{FAE04EC0-301F-11D3-BF4B-00C04F79EFBC}") = "Derived Class", "Derived Class.csproj", "{266F7AA5-EF82-4AC2-A0C0-134ADB2756AF}"
EndProject
Global
	GlobalSection(SolutionConfigurationPlatforms) = preSolution
		Debug|Any CPU = Debug|Any CPU
		Release|Any CPU = Release|Any CPU
	EndGlobalSection
	GlobalSection(ProjectConfigurationPlatforms) = postSolution
		{266F7AA5-EF82-4AC2-A0C0-134ADB2756AF}.Debug|Any CPU.ActiveCfg = Debug|Any CPU
		{266F7AA5-EF82-4AC2-A0C0-134ADB2756AF}.Debug|Any CPU.Build.0 = Debug|Any CPU
		{266F7AA5-EF82-4AC2-A0C0-134ADB2756AF}.Release|Any CPU.ActiveCfg = Release|Any CPU
		{266F7AA5-EF82-4AC2-A0C0-134ADB2756AF}.Release|Any CPU.Build.0 = Release|Any CPU
	EndGlobalSection
	GlobalSection(SolutionProperties) = preSolution
		HideSolutionNode = FALSE
	EndGlobalSection
	GlobalSection(ExtensibilityGlobals) = postSolution
		SolutionGuid = {4A4AD8D5-BAAF-4126-8F4D-C6A578EED77B}
	EndGlobalSection
EndGlobal
