
Microsoft Visual Studio Solution File, Format Version 12.00
# Visual Studio Version 16
VisualStudioVersion = 16.0.31205.134
MinimumVisualStudioVersion = 10.0.40219.1
Project("{FAE04EC0-301F-11D3-BF4B-00C04F79EFBC}") = "HustarDay05", "HustarDay05.csproj", "{9FC31FB6-A2C1-4853-AD97-76197C18EACA}"
EndProject
Global
	GlobalSection(SolutionConfigurationPlatforms) = preSolution
		Debug|Any CPU = Debug|Any CPU
		Release|Any CPU = Release|Any CPU
	EndGlobalSection
	GlobalSection(ProjectConfigurationPlatforms) = postSolution
		{9FC31FB6-A2C1-4853-AD97-76197C18EACA}.Debug|Any CPU.ActiveCfg = Debug|Any CPU
		{9FC31FB6-A2C1-4853-AD97-76197C18EACA}.Debug|Any CPU.Build.0 = Debug|Any CPU
		{9FC31FB6-A2C1-4853-AD97-76197C18EACA}.Release|Any CPU.ActiveCfg = Release|Any CPU
		{9FC31FB6-A2C1-4853-AD97-76197C18EACA}.Release|Any CPU.Build.0 = Release|Any CPU
	EndGlobalSection
	GlobalSection(SolutionProperties) = preSolution
		HideSolutionNode = FALSE
	EndGlobalSection
	GlobalSection(ExtensibilityGlobals) = postSolution
		SolutionGuid = {66759F78-D240-421D-8E0F-F914A3926E86}
	EndGlobalSection
EndGlobal
