
Microsoft Visual Studio Solution File, Format Version 12.00
# Visual Studio Version 17
VisualStudioVersion = 17.3.32825.248
MinimumVisualStudioVersion = 10.0.40219.1
Project("{FAE04EC0-301F-11D3-BF4B-00C04F79EFBC}") = "TestLiveShare", "TestLiveShare\TestLiveShare.csproj", "{FA6E67D3-F943-4C0D-8994-8634090B8192}"
EndProject
Global
	GlobalSection(SolutionConfigurationPlatforms) = preSolution
		Debug|Any CPU = Debug|Any CPU
		Release|Any CPU = Release|Any CPU
	EndGlobalSection
	GlobalSection(ProjectConfigurationPlatforms) = postSolution
		{FA6E67D3-F943-4C0D-8994-8634090B8192}.Debug|Any CPU.ActiveCfg = Debug|Any CPU
		{FA6E67D3-F943-4C0D-8994-8634090B8192}.Debug|Any CPU.Build.0 = Debug|Any CPU
		{FA6E67D3-F943-4C0D-8994-8634090B8192}.Release|Any CPU.ActiveCfg = Release|Any CPU
		{FA6E67D3-F943-4C0D-8994-8634090B8192}.Release|Any CPU.Build.0 = Release|Any CPU
	EndGlobalSection
	GlobalSection(SolutionProperties) = preSolution
		HideSolutionNode = FALSE
	EndGlobalSection
	GlobalSection(ExtensibilityGlobals) = postSolution
		SolutionGuid = {6B14A151-CEB8-40D3-88A5-75AEC2031D58}
	EndGlobalSection
EndGlobal
