
Microsoft Visual Studio Solution File, Format Version 12.00
# Visual Studio Version 16
VisualStudioVersion = 16.0.30225.117
MinimumVisualStudioVersion = 10.0.40219.1
Project("{9A19103F-16F7-4668-BE54-9A1E7A4F7556}") = "_43_NetworkStreamLoopServer", "..\_43_NetworkStreamLoopServer\_43_NetworkStreamLoopServer.csproj", "{23261D26-8C5E-4DC1-B5B5-43EA00496640}"
EndProject
Project("{9A19103F-16F7-4668-BE54-9A1E7A4F7556}") = "_44_NetworkStreamLoopClient", "..\_44_NetworkStreamLoopClient\_44_NetworkStreamLoopClient.csproj", "{DA8511F1-EECA-428A-836F-9ED266788C37}"
EndProject
Project("{9A19103F-16F7-4668-BE54-9A1E7A4F7556}") = "_45_NetworkStreamEchoLoopServer", "..\_45_NetworkStreamEchoLoopServer\_45_NetworkStreamEchoLoopServer.csproj", "{D0AF259B-A74C-4750-97EB-0C1FCDA84ABC}"
EndProject
Project("{9A19103F-16F7-4668-BE54-9A1E7A4F7556}") = "_46_NetworkStreamEchoLoopClient", "..\_46_NetworkStreamEchoLoopClient\_46_NetworkStreamEchoLoopClient.csproj", "{AC00E400-1A8E-43A4-8EF2-58671526C388}"
EndProject
Project("{9A19103F-16F7-4668-BE54-9A1E7A4F7556}") = "_47_NetworkStreamLoopAcceptServer", "..\_47_NetworkStreamLoopAcceptServer\_47_NetworkStreamLoopAcceptServer.csproj", "{8266CDE2-FE31-4C70-9914-F7DA3CB66D41}"
EndProject
Project("{9A19103F-16F7-4668-BE54-9A1E7A4F7556}") = "_48_NetworkStreamAddConnectCommentClient", "..\_48_NetworkStreamAddConnectCommentClient\_48_NetworkStreamAddConnectCommentClient.csproj", "{9214CBD3-5260-4C81-B780-077BD039756E}"
EndProject
Project("{FAE04EC0-301F-11D3-BF4B-00C04F79EFBC}") = "_49_NoParamThread", "_49_NoParamThread\_49_NoParamThread.csproj", "{1CD12257-2239-4554-83B5-D26916260E20}"
EndProject
Project("{9A19103F-16F7-4668-BE54-9A1E7A4F7556}") = "_50_Thread_Sleep", "..\_50_Thread_Sleep\_50_Thread_Sleep.csproj", "{4876C441-33F9-4CFD-A22C-C6F71BFE9DD8}"
EndProject
Project("{9A19103F-16F7-4668-BE54-9A1E7A4F7556}") = "_51_Thread_Join", "..\_51_Thread_Join\_51_Thread_Join.csproj", "{6A9DB497-79EE-4793-A96A-93DF1E0B419B}"
EndProject
Project("{9A19103F-16F7-4668-BE54-9A1E7A4F7556}") = "_52_Thread_IsAlive", "..\_52_Thread_IsAlive\_52_Thread_IsAlive.csproj", "{D9E17CFF-F8D3-42C4-8752-99A29878A38D}"
EndProject
Project("{9A19103F-16F7-4668-BE54-9A1E7A4F7556}") = "_53_Thread_IsBackground", "..\_53_Thread_IsBackground\_53_Thread_IsBackground.csproj", "{CF49DB94-5732-4622-AE5C-F8A7FCFABE0D}"
EndProject
Project("{FAE04EC0-301F-11D3-BF4B-00C04F79EFBC}") = "_2020_07_30Assignment", "_2020_07_30Assignment\_2020_07_30Assignment.csproj", "{4EFF9BE0-AF31-4821-A331-1DA80CCD8551}"
EndProject
Global
	GlobalSection(SolutionConfigurationPlatforms) = preSolution
		Debug|Any CPU = Debug|Any CPU
		Release|Any CPU = Release|Any CPU
	EndGlobalSection
	GlobalSection(ProjectConfigurationPlatforms) = postSolution
		{23261D26-8C5E-4DC1-B5B5-43EA00496640}.Debug|Any CPU.ActiveCfg = Debug|Any CPU
		{23261D26-8C5E-4DC1-B5B5-43EA00496640}.Debug|Any CPU.Build.0 = Debug|Any CPU
		{23261D26-8C5E-4DC1-B5B5-43EA00496640}.Release|Any CPU.ActiveCfg = Release|Any CPU
		{23261D26-8C5E-4DC1-B5B5-43EA00496640}.Release|Any CPU.Build.0 = Release|Any CPU
		{DA8511F1-EECA-428A-836F-9ED266788C37}.Debug|Any CPU.ActiveCfg = Debug|Any CPU
		{DA8511F1-EECA-428A-836F-9ED266788C37}.Debug|Any CPU.Build.0 = Debug|Any CPU
		{DA8511F1-EECA-428A-836F-9ED266788C37}.Release|Any CPU.ActiveCfg = Release|Any CPU
		{DA8511F1-EECA-428A-836F-9ED266788C37}.Release|Any CPU.Build.0 = Release|Any CPU
		{D0AF259B-A74C-4750-97EB-0C1FCDA84ABC}.Debug|Any CPU.ActiveCfg = Debug|Any CPU
		{D0AF259B-A74C-4750-97EB-0C1FCDA84ABC}.Debug|Any CPU.Build.0 = Debug|Any CPU
		{D0AF259B-A74C-4750-97EB-0C1FCDA84ABC}.Release|Any CPU.ActiveCfg = Release|Any CPU
		{D0AF259B-A74C-4750-97EB-0C1FCDA84ABC}.Release|Any CPU.Build.0 = Release|Any CPU
		{AC00E400-1A8E-43A4-8EF2-58671526C388}.Debug|Any CPU.ActiveCfg = Debug|Any CPU
		{AC00E400-1A8E-43A4-8EF2-58671526C388}.Debug|Any CPU.Build.0 = Debug|Any CPU
		{AC00E400-1A8E-43A4-8EF2-58671526C388}.Release|Any CPU.ActiveCfg = Release|Any CPU
		{AC00E400-1A8E-43A4-8EF2-58671526C388}.Release|Any CPU.Build.0 = Release|Any CPU
		{8266CDE2-FE31-4C70-9914-F7DA3CB66D41}.Debug|Any CPU.ActiveCfg = Debug|Any CPU
		{8266CDE2-FE31-4C70-9914-F7DA3CB66D41}.Debug|Any CPU.Build.0 = Debug|Any CPU
		{8266CDE2-FE31-4C70-9914-F7DA3CB66D41}.Release|Any CPU.ActiveCfg = Release|Any CPU
		{8266CDE2-FE31-4C70-9914-F7DA3CB66D41}.Release|Any CPU.Build.0 = Release|Any CPU
		{9214CBD3-5260-4C81-B780-077BD039756E}.Debug|Any CPU.ActiveCfg = Debug|Any CPU
		{9214CBD3-5260-4C81-B780-077BD039756E}.Debug|Any CPU.Build.0 = Debug|Any CPU
		{9214CBD3-5260-4C81-B780-077BD039756E}.Release|Any CPU.ActiveCfg = Release|Any CPU
		{9214CBD3-5260-4C81-B780-077BD039756E}.Release|Any CPU.Build.0 = Release|Any CPU
		{1CD12257-2239-4554-83B5-D26916260E20}.Debug|Any CPU.ActiveCfg = Debug|Any CPU
		{1CD12257-2239-4554-83B5-D26916260E20}.Debug|Any CPU.Build.0 = Debug|Any CPU
		{1CD12257-2239-4554-83B5-D26916260E20}.Release|Any CPU.ActiveCfg = Release|Any CPU
		{1CD12257-2239-4554-83B5-D26916260E20}.Release|Any CPU.Build.0 = Release|Any CPU
		{4876C441-33F9-4CFD-A22C-C6F71BFE9DD8}.Debug|Any CPU.ActiveCfg = Debug|Any CPU
		{4876C441-33F9-4CFD-A22C-C6F71BFE9DD8}.Debug|Any CPU.Build.0 = Debug|Any CPU
		{4876C441-33F9-4CFD-A22C-C6F71BFE9DD8}.Release|Any CPU.ActiveCfg = Release|Any CPU
		{4876C441-33F9-4CFD-A22C-C6F71BFE9DD8}.Release|Any CPU.Build.0 = Release|Any CPU
		{6A9DB497-79EE-4793-A96A-93DF1E0B419B}.Debug|Any CPU.ActiveCfg = Debug|Any CPU
		{6A9DB497-79EE-4793-A96A-93DF1E0B419B}.Debug|Any CPU.Build.0 = Debug|Any CPU
		{6A9DB497-79EE-4793-A96A-93DF1E0B419B}.Release|Any CPU.ActiveCfg = Release|Any CPU
		{6A9DB497-79EE-4793-A96A-93DF1E0B419B}.Release|Any CPU.Build.0 = Release|Any CPU
		{D9E17CFF-F8D3-42C4-8752-99A29878A38D}.Debug|Any CPU.ActiveCfg = Debug|Any CPU
		{D9E17CFF-F8D3-42C4-8752-99A29878A38D}.Debug|Any CPU.Build.0 = Debug|Any CPU
		{D9E17CFF-F8D3-42C4-8752-99A29878A38D}.Release|Any CPU.ActiveCfg = Release|Any CPU
		{D9E17CFF-F8D3-42C4-8752-99A29878A38D}.Release|Any CPU.Build.0 = Release|Any CPU
		{CF49DB94-5732-4622-AE5C-F8A7FCFABE0D}.Debug|Any CPU.ActiveCfg = Debug|Any CPU
		{CF49DB94-5732-4622-AE5C-F8A7FCFABE0D}.Debug|Any CPU.Build.0 = Debug|Any CPU
		{CF49DB94-5732-4622-AE5C-F8A7FCFABE0D}.Release|Any CPU.ActiveCfg = Release|Any CPU
		{CF49DB94-5732-4622-AE5C-F8A7FCFABE0D}.Release|Any CPU.Build.0 = Release|Any CPU
		{4EFF9BE0-AF31-4821-A331-1DA80CCD8551}.Debug|Any CPU.ActiveCfg = Debug|Any CPU
		{4EFF9BE0-AF31-4821-A331-1DA80CCD8551}.Debug|Any CPU.Build.0 = Debug|Any CPU
		{4EFF9BE0-AF31-4821-A331-1DA80CCD8551}.Release|Any CPU.ActiveCfg = Release|Any CPU
		{4EFF9BE0-AF31-4821-A331-1DA80CCD8551}.Release|Any CPU.Build.0 = Release|Any CPU
	EndGlobalSection
	GlobalSection(SolutionProperties) = preSolution
		HideSolutionNode = FALSE
	EndGlobalSection
	GlobalSection(ExtensibilityGlobals) = postSolution
		SolutionGuid = {EB9AD193-0BA6-4ECF-8262-2AB7AD99FE5A}
	EndGlobalSection
EndGlobal
