
Microsoft Visual Studio Solution File, Format Version 12.00
# Visual Studio Version 16
VisualStudioVersion = 16.0.30225.117
MinimumVisualStudioVersion = 10.0.40219.1
Project("{FAE04EC0-301F-11D3-BF4B-00C04F79EFBC}") = "_2020_07_27_Problem01", "_2020_07_27_Problem01\_2020_07_27_Problem01.csproj", "{CB318508-08EF-42AF-9926-7EBE87A3381E}"
EndProject
Project("{FAE04EC0-301F-11D3-BF4B-00C04F79EFBC}") = "_2020_07_27_Problem02", "_2020_07_27_Problem02\_2020_07_27_Problem02.csproj", "{CC739296-A5A3-4162-B59E-AA08AF8F03D6}"
EndProject
Global
	GlobalSection(SolutionConfigurationPlatforms) = preSolution
		Debug|Any CPU = Debug|Any CPU
		Release|Any CPU = Release|Any CPU
	EndGlobalSection
	GlobalSection(ProjectConfigurationPlatforms) = postSolution
		{CB318508-08EF-42AF-9926-7EBE87A3381E}.Debug|Any CPU.ActiveCfg = Debug|Any CPU
		{CB318508-08EF-42AF-9926-7EBE87A3381E}.Debug|Any CPU.Build.0 = Debug|Any CPU
		{CB318508-08EF-42AF-9926-7EBE87A3381E}.Release|Any CPU.ActiveCfg = Release|Any CPU
		{CB318508-08EF-42AF-9926-7EBE87A3381E}.Release|Any CPU.Build.0 = Release|Any CPU
		{CC739296-A5A3-4162-B59E-AA08AF8F03D6}.Debug|Any CPU.ActiveCfg = Debug|Any CPU
		{CC739296-A5A3-4162-B59E-AA08AF8F03D6}.Debug|Any CPU.Build.0 = Debug|Any CPU
		{CC739296-A5A3-4162-B59E-AA08AF8F03D6}.Release|Any CPU.ActiveCfg = Release|Any CPU
		{CC739296-A5A3-4162-B59E-AA08AF8F03D6}.Release|Any CPU.Build.0 = Release|Any CPU
	EndGlobalSection
	GlobalSection(SolutionProperties) = preSolution
		HideSolutionNode = FALSE
	EndGlobalSection
	GlobalSection(ExtensibilityGlobals) = postSolution
		SolutionGuid = {38A0E5ED-0039-498B-85E4-E93B64EDB793}
	EndGlobalSection
EndGlobal
