
Microsoft Visual Studio Solution File, Format Version 12.00
# Visual Studio Version 16
VisualStudioVersion = 16.0.30320.27
MinimumVisualStudioVersion = 10.0.40219.1
Project("{FAE04EC0-301F-11D3-BF4B-00C04F79EFBC}") = "SQLApp", "SQLApp\SQLApp.csproj", "{09B43CC0-82BC-4A12-8D47-1C73BBB5810F}"
EndProject
Global
	GlobalSection(SolutionConfigurationPlatforms) = preSolution
		Debug|Any CPU = Debug|Any CPU
		Release|Any CPU = Release|Any CPU
	EndGlobalSection
	GlobalSection(ProjectConfigurationPlatforms) = postSolution
		{09B43CC0-82BC-4A12-8D47-1C73BBB5810F}.Debug|Any CPU.ActiveCfg = Debug|Any CPU
		{09B43CC0-82BC-4A12-8D47-1C73BBB5810F}.Debug|Any CPU.Build.0 = Debug|Any CPU
		{09B43CC0-82BC-4A12-8D47-1C73BBB5810F}.Release|Any CPU.ActiveCfg = Release|Any CPU
		{09B43CC0-82BC-4A12-8D47-1C73BBB5810F}.Release|Any CPU.Build.0 = Release|Any CPU
	EndGlobalSection
	GlobalSection(SolutionProperties) = preSolution
		HideSolutionNode = FALSE
	EndGlobalSection
	GlobalSection(ExtensibilityGlobals) = postSolution
		SolutionGuid = {F25A7094-8E26-412B-AEF8-4804972B0800}
	EndGlobalSection
EndGlobal
