
Microsoft Visual Studio Solution File, Format Version 12.00
# Visual Studio Version 16
VisualStudioVersion = 16.0.30225.117
MinimumVisualStudioVersion = 10.0.40219.1
Project("{FAE04EC0-301F-11D3-BF4B-00C04F79EFBC}") = "UDPClientConsole", "..\UDPClientConsole\UDPClientConsole.csproj", "{A3D5EF37-3F9B-413E-858A-F8C26F335D75}"
EndProject
Project("{FAE04EC0-301F-11D3-BF4B-00C04F79EFBC}") = "UDPServerConsole", "..\UDPServerConsole\UDPServerConsole.csproj", "{19293BCE-3435-45CF-8443-5EC8533AFFB0}"
EndProject
Global
	GlobalSection(SolutionConfigurationPlatforms) = preSolution
		Debug|x86 = Debug|x86
		Release|x86 = Release|x86
	EndGlobalSection
	GlobalSection(ProjectConfigurationPlatforms) = postSolution
		{A3D5EF37-3F9B-413E-858A-F8C26F335D75}.Debug|x86.ActiveCfg = Debug|x86
		{A3D5EF37-3F9B-413E-858A-F8C26F335D75}.Debug|x86.Build.0 = Debug|x86
		{A3D5EF37-3F9B-413E-858A-F8C26F335D75}.Release|x86.ActiveCfg = Release|x86
		{A3D5EF37-3F9B-413E-858A-F8C26F335D75}.Release|x86.Build.0 = Release|x86
		{19293BCE-3435-45CF-8443-5EC8533AFFB0}.Debug|x86.ActiveCfg = Debug|x86
		{19293BCE-3435-45CF-8443-5EC8533AFFB0}.Debug|x86.Build.0 = Debug|x86
		{19293BCE-3435-45CF-8443-5EC8533AFFB0}.Release|x86.ActiveCfg = Release|x86
		{19293BCE-3435-45CF-8443-5EC8533AFFB0}.Release|x86.Build.0 = Release|x86
	EndGlobalSection
	GlobalSection(SolutionProperties) = preSolution
		HideSolutionNode = FALSE
	EndGlobalSection
	GlobalSection(ExtensibilityGlobals) = postSolution
		SolutionGuid = {39C9C73D-0114-4BCC-812E-E8081E08F3C5}
	EndGlobalSection
EndGlobal
