
Microsoft Visual Studio Solution File, Format Version 12.00
# Visual Studio Version 16
VisualStudioVersion = 16.0.30225.117
MinimumVisualStudioVersion = 10.0.40219.1
Project("{FAE04EC0-301F-11D3-BF4B-00C04F79EFBC}") = "_2020_07_28Assignment", "_2020_07_28Assignment\_2020_07_28Assignment.csproj", "{A12C0785-F04D-48E1-B600-4E43D76C7FC4}"
EndProject
Global
	GlobalSection(SolutionConfigurationPlatforms) = preSolution
		Debug|Any CPU = Debug|Any CPU
		Release|Any CPU = Release|Any CPU
	EndGlobalSection
	GlobalSection(ProjectConfigurationPlatforms) = postSolution
		{A12C0785-F04D-48E1-B600-4E43D76C7FC4}.Debug|Any CPU.ActiveCfg = Debug|Any CPU
		{A12C0785-F04D-48E1-B600-4E43D76C7FC4}.Debug|Any CPU.Build.0 = Debug|Any CPU
		{A12C0785-F04D-48E1-B600-4E43D76C7FC4}.Release|Any CPU.ActiveCfg = Release|Any CPU
		{A12C0785-F04D-48E1-B600-4E43D76C7FC4}.Release|Any CPU.Build.0 = Release|Any CPU
	EndGlobalSection
	GlobalSection(SolutionProperties) = preSolution
		HideSolutionNode = FALSE
	EndGlobalSection
	GlobalSection(ExtensibilityGlobals) = postSolution
		SolutionGuid = {D4FF38C6-9C44-43B1-9112-CBA523A69BDC}
	EndGlobalSection
EndGlobal
