
Microsoft Visual Studio Solution File, Format Version 12.00
# Visual Studio Version 16
VisualStudioVersion = 16.0.30225.117
MinimumVisualStudioVersion = 10.0.40219.1
Project("{FAE04EC0-301F-11D3-BF4B-00C04F79EFBC}") = "_2020_07_24Assignment", "_2020_07_24Assignment\_2020_07_24Assignment.csproj", "{C6E9EF47-F803-42FB-AA94-E681199490B3}"
EndProject
Global
	GlobalSection(SolutionConfigurationPlatforms) = preSolution
		Debug|Any CPU = Debug|Any CPU
		Release|Any CPU = Release|Any CPU
	EndGlobalSection
	GlobalSection(ProjectConfigurationPlatforms) = postSolution
		{C6E9EF47-F803-42FB-AA94-E681199490B3}.Debug|Any CPU.ActiveCfg = Debug|Any CPU
		{C6E9EF47-F803-42FB-AA94-E681199490B3}.Debug|Any CPU.Build.0 = Debug|Any CPU
		{C6E9EF47-F803-42FB-AA94-E681199490B3}.Release|Any CPU.ActiveCfg = Release|Any CPU
		{C6E9EF47-F803-42FB-AA94-E681199490B3}.Release|Any CPU.Build.0 = Release|Any CPU
	EndGlobalSection
	GlobalSection(SolutionProperties) = preSolution
		HideSolutionNode = FALSE
	EndGlobalSection
	GlobalSection(ExtensibilityGlobals) = postSolution
		SolutionGuid = {68338C0B-1B04-4E7D-A3C3-EB37D01169E0}
	EndGlobalSection
EndGlobal
