
Microsoft Visual Studio Solution File, Format Version 12.00
# Visual Studio Version 16
VisualStudioVersion = 16.0.30225.117
MinimumVisualStudioVersion = 10.0.40219.1
Project("{9A19103F-16F7-4668-BE54-9A1E7A4F7556}") = "_2020_07_24Assignment", "_2020_07_24Assignment\_2020_07_24Assignment.csproj", "{C6E9EF47-F803-42FB-AA94-E681199490B3}"
EndProject
Project("{9A19103F-16F7-4668-BE54-9A1E7A4F7556}") = "_2020_07_24Problem02", "_2020_07_24Problem02\_2020_07_24Problem02.csproj", "{94A22004-F507-433E-9786-35E3FFA8EE41}"
EndProject
Project("{9A19103F-16F7-4668-BE54-9A1E7A4F7556}") = "_2020_07_24Problem06", "_2020_07_24Problem06\_2020_07_24Problem06.csproj", "{17B87446-C0F1-4D6F-916E-5E29A0F5B9E4}"
EndProject
Project("{9A19103F-16F7-4668-BE54-9A1E7A4F7556}") = "_2020_07_24Problem03", "_2020_07_24Problem03\_2020_07_24Problem03.csproj", "{28FF9171-5949-40E6-B380-216013B40B4B}"
EndProject
Project("{9A19103F-16F7-4668-BE54-9A1E7A4F7556}") = "_2020_07_24Problem04", "_2020_07_24Problem04\_2020_07_24Problem04.csproj", "{6A82ABC1-EBF1-4BEE-B06E-9770166C5094}"
EndProject
Project("{9A19103F-16F7-4668-BE54-9A1E7A4F7556}") = "_2020_07_24Problem05", "_2020_07_24Problem05\_2020_07_24Problem05.csproj", "{D544C678-687D-494B-96E1-C15F7677B468}"
EndProject
Project("{9A19103F-16F7-4668-BE54-9A1E7A4F7556}") = "_2020_07_24Problem07", "_2020_07_24Problem07\_2020_07_24Problem07.csproj", "{3A9306C5-E5D5-4CD3-8C2E-0CFB14128155}"
EndProject
Project("{9A19103F-16F7-4668-BE54-9A1E7A4F7556}") = "_2020_07_24Problem08", "_2020_07_24Problem08\_2020_07_24Problem08.csproj", "{EF3EA31A-9024-40A2-B3D6-9771E946DEA7}"
EndProject
Project("{9A19103F-16F7-4668-BE54-9A1E7A4F7556}") = "_2020_07_24Problem09", "_2020_07_24Problem09\_2020_07_24Problem09.csproj", "{44E9AF05-72F3-499A-A784-0F7C25C66356}"
EndProject
Project("{9A19103F-16F7-4668-BE54-9A1E7A4F7556}") = "_2020_07_24Problem10", "_2020_07_24Problem10\_2020_07_24Problem10.csproj", "{C5E5735C-5951-4A76-B9A9-A5D9E1958460}"
EndProject
Project("{9A19103F-16F7-4668-BE54-9A1E7A4F7556}") = "_2020_07_24Problem11", "_2020_07_24Problem11\_2020_07_24Problem11.csproj", "{9AE2CF7F-14DB-4C99-9885-684BC822CC99}"
EndProject
Project("{9A19103F-16F7-4668-BE54-9A1E7A4F7556}") = "_2020_07_24Problem12", "_2020_07_24Problem12\_2020_07_24Problem12.csproj", "{45E117DC-4461-4E3A-AB73-45E68E7BDA07}"
EndProject
Project("{FAE04EC0-301F-11D3-BF4B-00C04F79EFBC}") = "_2020_07_24Omok", "_2020_07_24Omok\_2020_07_24Omok.csproj", "{BAD49395-A659-402B-A349-67908A9E8A73}"
EndProject
Global
	GlobalSection(SolutionConfigurationPlatforms) = preSolution
		Debug|Any CPU = Debug|Any CPU
		Release|Any CPU = Release|Any CPU
	EndGlobalSection
	GlobalSection(ProjectConfigurationPlatforms) = postSolution
		{C6E9EF47-F803-42FB-AA94-E681199490B3}.Debug|Any CPU.ActiveCfg = Debug|Any CPU
		{C6E9EF47-F803-42FB-AA94-E681199490B3}.Debug|Any CPU.Build.0 = Debug|Any CPU
		{C6E9EF47-F803-42FB-AA94-E681199490B3}.Release|Any CPU.ActiveCfg = Release|Any CPU
		{C6E9EF47-F803-42FB-AA94-E681199490B3}.Release|Any CPU.Build.0 = Release|Any CPU
		{94A22004-F507-433E-9786-35E3FFA8EE41}.Debug|Any CPU.ActiveCfg = Debug|Any CPU
		{94A22004-F507-433E-9786-35E3FFA8EE41}.Debug|Any CPU.Build.0 = Debug|Any CPU
		{94A22004-F507-433E-9786-35E3FFA8EE41}.Release|Any CPU.ActiveCfg = Release|Any CPU
		{94A22004-F507-433E-9786-35E3FFA8EE41}.Release|Any CPU.Build.0 = Release|Any CPU
		{17B87446-C0F1-4D6F-916E-5E29A0F5B9E4}.Debug|Any CPU.ActiveCfg = Debug|Any CPU
		{17B87446-C0F1-4D6F-916E-5E29A0F5B9E4}.Debug|Any CPU.Build.0 = Debug|Any CPU
		{17B87446-C0F1-4D6F-916E-5E29A0F5B9E4}.Release|Any CPU.ActiveCfg = Release|Any CPU
		{17B87446-C0F1-4D6F-916E-5E29A0F5B9E4}.Release|Any CPU.Build.0 = Release|Any CPU
		{28FF9171-5949-40E6-B380-216013B40B4B}.Debug|Any CPU.ActiveCfg = Debug|Any CPU
		{28FF9171-5949-40E6-B380-216013B40B4B}.Debug|Any CPU.Build.0 = Debug|Any CPU
		{28FF9171-5949-40E6-B380-216013B40B4B}.Release|Any CPU.ActiveCfg = Release|Any CPU
		{28FF9171-5949-40E6-B380-216013B40B4B}.Release|Any CPU.Build.0 = Release|Any CPU
		{6A82ABC1-EBF1-4BEE-B06E-9770166C5094}.Debug|Any CPU.ActiveCfg = Debug|Any CPU
		{6A82ABC1-EBF1-4BEE-B06E-9770166C5094}.Debug|Any CPU.Build.0 = Debug|Any CPU
		{6A82ABC1-EBF1-4BEE-B06E-9770166C5094}.Release|Any CPU.ActiveCfg = Release|Any CPU
		{6A82ABC1-EBF1-4BEE-B06E-9770166C5094}.Release|Any CPU.Build.0 = Release|Any CPU
		{D544C678-687D-494B-96E1-C15F7677B468}.Debug|Any CPU.ActiveCfg = Debug|Any CPU
		{D544C678-687D-494B-96E1-C15F7677B468}.Debug|Any CPU.Build.0 = Debug|Any CPU
		{D544C678-687D-494B-96E1-C15F7677B468}.Release|Any CPU.ActiveCfg = Release|Any CPU
		{D544C678-687D-494B-96E1-C15F7677B468}.Release|Any CPU.Build.0 = Release|Any CPU
		{3A9306C5-E5D5-4CD3-8C2E-0CFB14128155}.Debug|Any CPU.ActiveCfg = Debug|Any CPU
		{3A9306C5-E5D5-4CD3-8C2E-0CFB14128155}.Debug|Any CPU.Build.0 = Debug|Any CPU
		{3A9306C5-E5D5-4CD3-8C2E-0CFB14128155}.Release|Any CPU.ActiveCfg = Release|Any CPU
		{3A9306C5-E5D5-4CD3-8C2E-0CFB14128155}.Release|Any CPU.Build.0 = Release|Any CPU
		{EF3EA31A-9024-40A2-B3D6-9771E946DEA7}.Debug|Any CPU.ActiveCfg = Debug|Any CPU
		{EF3EA31A-9024-40A2-B3D6-9771E946DEA7}.Debug|Any CPU.Build.0 = Debug|Any CPU
		{EF3EA31A-9024-40A2-B3D6-9771E946DEA7}.Release|Any CPU.ActiveCfg = Release|Any CPU
		{EF3EA31A-9024-40A2-B3D6-9771E946DEA7}.Release|Any CPU.Build.0 = Release|Any CPU
		{44E9AF05-72F3-499A-A784-0F7C25C66356}.Debug|Any CPU.ActiveCfg = Debug|Any CPU
		{44E9AF05-72F3-499A-A784-0F7C25C66356}.Debug|Any CPU.Build.0 = Debug|Any CPU
		{44E9AF05-72F3-499A-A784-0F7C25C66356}.Release|Any CPU.ActiveCfg = Release|Any CPU
		{44E9AF05-72F3-499A-A784-0F7C25C66356}.Release|Any CPU.Build.0 = Release|Any CPU
		{C5E5735C-5951-4A76-B9A9-A5D9E1958460}.Debug|Any CPU.ActiveCfg = Debug|Any CPU
		{C5E5735C-5951-4A76-B9A9-A5D9E1958460}.Debug|Any CPU.Build.0 = Debug|Any CPU
		{C5E5735C-5951-4A76-B9A9-A5D9E1958460}.Release|Any CPU.ActiveCfg = Release|Any CPU
		{C5E5735C-5951-4A76-B9A9-A5D9E1958460}.Release|Any CPU.Build.0 = Release|Any CPU
		{9AE2CF7F-14DB-4C99-9885-684BC822CC99}.Debug|Any CPU.ActiveCfg = Debug|Any CPU
		{9AE2CF7F-14DB-4C99-9885-684BC822CC99}.Debug|Any CPU.Build.0 = Debug|Any CPU
		{9AE2CF7F-14DB-4C99-9885-684BC822CC99}.Release|Any CPU.ActiveCfg = Release|Any CPU
		{9AE2CF7F-14DB-4C99-9885-684BC822CC99}.Release|Any CPU.Build.0 = Release|Any CPU
		{45E117DC-4461-4E3A-AB73-45E68E7BDA07}.Debug|Any CPU.ActiveCfg = Debug|Any CPU
		{45E117DC-4461-4E3A-AB73-45E68E7BDA07}.Debug|Any CPU.Build.0 = Debug|Any CPU
		{45E117DC-4461-4E3A-AB73-45E68E7BDA07}.Release|Any CPU.ActiveCfg = Release|Any CPU
		{45E117DC-4461-4E3A-AB73-45E68E7BDA07}.Release|Any CPU.Build.0 = Release|Any CPU
		{BAD49395-A659-402B-A349-67908A9E8A73}.Debug|Any CPU.ActiveCfg = Debug|Any CPU
		{BAD49395-A659-402B-A349-67908A9E8A73}.Debug|Any CPU.Build.0 = Debug|Any CPU
		{BAD49395-A659-402B-A349-67908A9E8A73}.Release|Any CPU.ActiveCfg = Release|Any CPU
		{BAD49395-A659-402B-A349-67908A9E8A73}.Release|Any CPU.Build.0 = Release|Any CPU
	EndGlobalSection
	GlobalSection(SolutionProperties) = preSolution
		HideSolutionNode = FALSE
	EndGlobalSection
	GlobalSection(ExtensibilityGlobals) = postSolution
		SolutionGuid = {68338C0B-1B04-4E7D-A3C3-EB37D01169E0}
	EndGlobalSection
EndGlobal
