
Microsoft Visual Studio Solution File, Format Version 12.00
# Visual Studio Version 16
VisualStudioVersion = 16.0.31624.102
MinimumVisualStudioVersion = 10.0.40219.1
Project("{FAE04EC0-301F-11D3-BF4B-00C04F79EFBC}") = "DecisionMakerApp.UWP", "DecisionMakerApp.UWP\DecisionMakerApp.UWP.csproj", "{3A20501E-08E3-4BC5-AFA0-08E7DC3219A1}"
EndProject
Project("{FAE04EC0-301F-11D3-BF4B-00C04F79EFBC}") = "DecisionMakerApp.Android", "DecisionMakerApp.Android\DecisionMakerApp.Android.csproj", "{3222EA87-2B2A-48DF-A4EE-80CEA2EFFA36}"
EndProject
Project("{FAE04EC0-301F-11D3-BF4B-00C04F79EFBC}") = "DecisionMakerApp.iOS", "DecisionMakerApp.iOS\DecisionMakerApp.iOS.csproj", "{8BF47A3A-9CF7-4DDD-8EE7-163EC80BE2EA}"
EndProject
Project("{FAE04EC0-301F-11D3-BF4B-00C04F79EFBC}") = "DecisionMakerApp", "DecisionMakerApp\DecisionMakerApp.csproj", "{2FFAF597-A41D-443D-A47B-0C2C3A86AC75}"
EndProject
Global
	GlobalSection(SolutionConfigurationPlatforms) = preSolution
		Debug|Any CPU = Debug|Any CPU
		Debug|ARM = Debug|ARM
		Debug|iPhone = Debug|iPhone
		Debug|iPhoneSimulator = Debug|iPhoneSimulator
		Debug|x64 = Debug|x64
		Debug|x86 = Debug|x86
		Release|Any CPU = Release|Any CPU
		Release|ARM = Release|ARM
		Release|iPhone = Release|iPhone
		Release|iPhoneSimulator = Release|iPhoneSimulator
		Release|x64 = Release|x64
		Release|x86 = Release|x86
	EndGlobalSection
	GlobalSection(ProjectConfigurationPlatforms) = postSolution
		{3A20501E-08E3-4BC5-AFA0-08E7DC3219A1}.Debug|Any CPU.ActiveCfg = Debug|x86
		{3A20501E-08E3-4BC5-AFA0-08E7DC3219A1}.Debug|Any CPU.Build.0 = Debug|x86
		{3A20501E-08E3-4BC5-AFA0-08E7DC3219A1}.Debug|Any CPU.Deploy.0 = Debug|x86
		{3A20501E-08E3-4BC5-AFA0-08E7DC3219A1}.Debug|ARM.ActiveCfg = Debug|ARM
		{3A20501E-08E3-4BC5-AFA0-08E7DC3219A1}.Debug|ARM.Build.0 = Debug|ARM
		{3A20501E-08E3-4BC5-AFA0-08E7DC3219A1}.Debug|ARM.Deploy.0 = Debug|ARM
		{3A20501E-08E3-4BC5-AFA0-08E7DC3219A1}.Debug|iPhone.ActiveCfg = Debug|x86
		{3A20501E-08E3-4BC5-AFA0-08E7DC3219A1}.Debug|iPhone.Build.0 = Debug|x86
		{3A20501E-08E3-4BC5-AFA0-08E7DC3219A1}.Debug|iPhone.Deploy.0 = Debug|x86
		{3A20501E-08E3-4BC5-AFA0-08E7DC3219A1}.Debug|iPhoneSimulator.ActiveCfg = Debug|x86
		{3A20501E-08E3-4BC5-AFA0-08E7DC3219A1}.Debug|iPhoneSimulator.Build.0 = Debug|x86
		{3A20501E-08E3-4BC5-AFA0-08E7DC3219A1}.Debug|iPhoneSimulator.Deploy.0 = Debug|x86
		{3A20501E-08E3-4BC5-AFA0-08E7DC3219A1}.Debug|x64.ActiveCfg = Debug|x64
		{3A20501E-08E3-4BC5-AFA0-08E7DC3219A1}.Debug|x64.Build.0 = Debug|x64
		{3A20501E-08E3-4BC5-AFA0-08E7DC3219A1}.Debug|x64.Deploy.0 = Debug|x64
		{3A20501E-08E3-4BC5-AFA0-08E7DC3219A1}.Debug|x86.ActiveCfg = Debug|x86
		{3A20501E-08E3-4BC5-AFA0-08E7DC3219A1}.Debug|x86.Build.0 = Debug|x86
		{3A20501E-08E3-4BC5-AFA0-08E7DC3219A1}.Debug|x86.Deploy.0 = Debug|x86
		{3A20501E-08E3-4BC5-AFA0-08E7DC3219A1}.Release|Any CPU.ActiveCfg = Release|x86
		{3A20501E-08E3-4BC5-AFA0-08E7DC3219A1}.Release|Any CPU.Build.0 = Release|x86
		{3A20501E-08E3-4BC5-AFA0-08E7DC3219A1}.Release|Any CPU.Deploy.0 = Release|x86
		{3A20501E-08E3-4BC5-AFA0-08E7DC3219A1}.Release|ARM.ActiveCfg = Release|ARM
		{3A20501E-08E3-4BC5-AFA0-08E7DC3219A1}.Release|ARM.Build.0 = Release|ARM
		{3A20501E-08E3-4BC5-AFA0-08E7DC3219A1}.Release|ARM.Deploy.0 = Release|ARM
		{3A20501E-08E3-4BC5-AFA0-08E7DC3219A1}.Release|iPhone.ActiveCfg = Release|x86
		{3A20501E-08E3-4BC5-AFA0-08E7DC3219A1}.Release|iPhone.Build.0 = Release|x86
		{3A20501E-08E3-4BC5-AFA0-08E7DC3219A1}.Release|iPhone.Deploy.0 = Release|x86
		{3A20501E-08E3-4BC5-AFA0-08E7DC3219A1}.Release|iPhoneSimulator.ActiveCfg = Release|x86
		{3A20501E-08E3-4BC5-AFA0-08E7DC3219A1}.Release|iPhoneSimulator.Build.0 = Release|x86
		{3A20501E-08E3-4BC5-AFA0-08E7DC3219A1}.Release|iPhoneSimulator.Deploy.0 = Release|x86
		{3A20501E-08E3-4BC5-AFA0-08E7DC3219A1}.Release|x64.ActiveCfg = Release|x64
		{3A20501E-08E3-4BC5-AFA0-08E7DC3219A1}.Release|x64.Build.0 = Release|x64
		{3A20501E-08E3-4BC5-AFA0-08E7DC3219A1}.Release|x64.Deploy.0 = Release|x64
		{3A20501E-08E3-4BC5-AFA0-08E7DC3219A1}.Release|x86.ActiveCfg = Release|x86
		{3A20501E-08E3-4BC5-AFA0-08E7DC3219A1}.Release|x86.Build.0 = Release|x86
		{3A20501E-08E3-4BC5-AFA0-08E7DC3219A1}.Release|x86.Deploy.0 = Release|x86
		{3222EA87-2B2A-48DF-A4EE-80CEA2EFFA36}.Debug|Any CPU.ActiveCfg = Debug|Any CPU
		{3222EA87-2B2A-48DF-A4EE-80CEA2EFFA36}.Debug|Any CPU.Build.0 = Debug|Any CPU
		{3222EA87-2B2A-48DF-A4EE-80CEA2EFFA36}.Debug|Any CPU.Deploy.0 = Debug|Any CPU
		{3222EA87-2B2A-48DF-A4EE-80CEA2EFFA36}.Debug|ARM.ActiveCfg = Debug|Any CPU
		{3222EA87-2B2A-48DF-A4EE-80CEA2EFFA36}.Debug|ARM.Build.0 = Debug|Any CPU
		{3222EA87-2B2A-48DF-A4EE-80CEA2EFFA36}.Debug|ARM.Deploy.0 = Debug|Any CPU
		{3222EA87-2B2A-48DF-A4EE-80CEA2EFFA36}.Debug|iPhone.ActiveCfg = Debug|Any CPU
		{3222EA87-2B2A-48DF-A4EE-80CEA2EFFA36}.Debug|iPhone.Build.0 = Debug|Any CPU
		{3222EA87-2B2A-48DF-A4EE-80CEA2EFFA36}.Debug|iPhone.Deploy.0 = Debug|Any CPU
		{3222EA87-2B2A-48DF-A4EE-80CEA2EFFA36}.Debug|iPhoneSimulator.ActiveCfg = Debug|Any CPU
		{3222EA87-2B2A-48DF-A4EE-80CEA2EFFA36}.Debug|iPhoneSimulator.Build.0 = Debug|Any CPU
		{3222EA87-2B2A-48DF-A4EE-80CEA2EFFA36}.Debug|iPhoneSimulator.Deploy.0 = Debug|Any CPU
		{3222EA87-2B2A-48DF-A4EE-80CEA2EFFA36}.Debug|x64.ActiveCfg = Debug|Any CPU
		{3222EA87-2B2A-48DF-A4EE-80CEA2EFFA36}.Debug|x64.Build.0 = Debug|Any CPU
		{3222EA87-2B2A-48DF-A4EE-80CEA2EFFA36}.Debug|x64.Deploy.0 = Debug|Any CPU
		{3222EA87-2B2A-48DF-A4EE-80CEA2EFFA36}.Debug|x86.ActiveCfg = Debug|Any CPU
		{3222EA87-2B2A-48DF-A4EE-80CEA2EFFA36}.Debug|x86.Build.0 = Debug|Any CPU
		{3222EA87-2B2A-48DF-A4EE-80CEA2EFFA36}.Debug|x86.Deploy.0 = Debug|Any CPU
		{3222EA87-2B2A-48DF-A4EE-80CEA2EFFA36}.Release|Any CPU.ActiveCfg = Release|Any CPU
		{3222EA87-2B2A-48DF-A4EE-80CEA2EFFA36}.Release|Any CPU.Build.0 = Release|Any CPU
		{3222EA87-2B2A-48DF-A4EE-80CEA2EFFA36}.Release|Any CPU.Deploy.0 = Release|Any CPU
		{3222EA87-2B2A-48DF-A4EE-80CEA2EFFA36}.Release|ARM.ActiveCfg = Release|Any CPU
		{3222EA87-2B2A-48DF-A4EE-80CEA2EFFA36}.Release|ARM.Build.0 = Release|Any CPU
		{3222EA87-2B2A-48DF-A4EE-80CEA2EFFA36}.Release|ARM.Deploy.0 = Release|Any CPU
		{3222EA87-2B2A-48DF-A4EE-80CEA2EFFA36}.Release|iPhone.ActiveCfg = Release|Any CPU
		{3222EA87-2B2A-48DF-A4EE-80CEA2EFFA36}.Release|iPhone.Build.0 = Release|Any CPU
		{3222EA87-2B2A-48DF-A4EE-80CEA2EFFA36}.Release|iPhone.Deploy.0 = Release|Any CPU
		{3222EA87-2B2A-48DF-A4EE-80CEA2EFFA36}.Release|iPhoneSimulator.ActiveCfg = Release|Any CPU
		{3222EA87-2B2A-48DF-A4EE-80CEA2EFFA36}.Release|iPhoneSimulator.Build.0 = Release|Any CPU
		{3222EA87-2B2A-48DF-A4EE-80CEA2EFFA36}.Release|iPhoneSimulator.Deploy.0 = Release|Any CPU
		{3222EA87-2B2A-48DF-A4EE-80CEA2EFFA36}.Release|x64.ActiveCfg = Release|Any CPU
		{3222EA87-2B2A-48DF-A4EE-80CEA2EFFA36}.Release|x64.Build.0 = Release|Any CPU
		{3222EA87-2B2A-48DF-A4EE-80CEA2EFFA36}.Release|x64.Deploy.0 = Release|Any CPU
		{3222EA87-2B2A-48DF-A4EE-80CEA2EFFA36}.Release|x86.ActiveCfg = Release|Any CPU
		{3222EA87-2B2A-48DF-A4EE-80CEA2EFFA36}.Release|x86.Build.0 = Release|Any CPU
		{3222EA87-2B2A-48DF-A4EE-80CEA2EFFA36}.Release|x86.Deploy.0 = Release|Any CPU
		{8BF47A3A-9CF7-4DDD-8EE7-163EC80BE2EA}.Debug|Any CPU.ActiveCfg = Debug|iPhoneSimulator
		{8BF47A3A-9CF7-4DDD-8EE7-163EC80BE2EA}.Debug|Any CPU.Build.0 = Debug|iPhoneSimulator
		{8BF47A3A-9CF7-4DDD-8EE7-163EC80BE2EA}.Debug|Any CPU.Deploy.0 = Debug|iPhoneSimulator
		{8BF47A3A-9CF7-4DDD-8EE7-163EC80BE2EA}.Debug|ARM.ActiveCfg = Debug|iPhone
		{8BF47A3A-9CF7-4DDD-8EE7-163EC80BE2EA}.Debug|ARM.Build.0 = Debug|iPhone
		{8BF47A3A-9CF7-4DDD-8EE7-163EC80BE2EA}.Debug|ARM.Deploy.0 = Debug|iPhone
		{8BF47A3A-9CF7-4DDD-8EE7-163EC80BE2EA}.Debug|iPhone.ActiveCfg = Debug|iPhone
		{8BF47A3A-9CF7-4DDD-8EE7-163EC80BE2EA}.Debug|iPhone.Build.0 = Debug|iPhone
		{8BF47A3A-9CF7-4DDD-8EE7-163EC80BE2EA}.Debug|iPhone.Deploy.0 = Debug|iPhone
		{8BF47A3A-9CF7-4DDD-8EE7-163EC80BE2EA}.Debug|iPhoneSimulator.ActiveCfg = Debug|iPhoneSimulator
		{8BF47A3A-9CF7-4DDD-8EE7-163EC80BE2EA}.Debug|iPhoneSimulator.Build.0 = Debug|iPhoneSimulator
		{8BF47A3A-9CF7-4DDD-8EE7-163EC80BE2EA}.Debug|iPhoneSimulator.Deploy.0 = Debug|iPhoneSimulator
		{8BF47A3A-9CF7-4DDD-8EE7-163EC80BE2EA}.Debug|x64.ActiveCfg = Debug|iPhoneSimulator
		{8BF47A3A-9CF7-4DDD-8EE7-163EC80BE2EA}.Debug|x64.Build.0 = Debug|iPhoneSimulator
		{8BF47A3A-9CF7-4DDD-8EE7-163EC80BE2EA}.Debug|x64.Deploy.0 = Debug|iPhoneSimulator
		{8BF47A3A-9CF7-4DDD-8EE7-163EC80BE2EA}.Debug|x86.ActiveCfg = Debug|iPhoneSimulator
		{8BF47A3A-9CF7-4DDD-8EE7-163EC80BE2EA}.Debug|x86.Build.0 = Debug|iPhoneSimulator
		{8BF47A3A-9CF7-4DDD-8EE7-163EC80BE2EA}.Debug|x86.Deploy.0 = Debug|iPhoneSimulator
		{8BF47A3A-9CF7-4DDD-8EE7-163EC80BE2EA}.Release|Any CPU.ActiveCfg = Release|iPhoneSimulator
		{8BF47A3A-9CF7-4DDD-8EE7-163EC80BE2EA}.Release|Any CPU.Build.0 = Release|iPhoneSimulator
		{8BF47A3A-9CF7-4DDD-8EE7-163EC80BE2EA}.Release|Any CPU.Deploy.0 = Release|iPhoneSimulator
		{8BF47A3A-9CF7-4DDD-8EE7-163EC80BE2EA}.Release|ARM.ActiveCfg = Release|iPhoneSimulator
		{8BF47A3A-9CF7-4DDD-8EE7-163EC80BE2EA}.Release|ARM.Build.0 = Release|iPhoneSimulator
		{8BF47A3A-9CF7-4DDD-8EE7-163EC80BE2EA}.Release|ARM.Deploy.0 = Release|iPhoneSimulator
		{8BF47A3A-9CF7-4DDD-8EE7-163EC80BE2EA}.Release|iPhone.ActiveCfg = Release|iPhone
		{8BF47A3A-9CF7-4DDD-8EE7-163EC80BE2EA}.Release|iPhone.Build.0 = Release|iPhone
		{8BF47A3A-9CF7-4DDD-8EE7-163EC80BE2EA}.Release|iPhone.Deploy.0 = Release|iPhone
		{8BF47A3A-9CF7-4DDD-8EE7-163EC80BE2EA}.Release|iPhoneSimulator.ActiveCfg = Release|iPhoneSimulator
		{8BF47A3A-9CF7-4DDD-8EE7-163EC80BE2EA}.Release|iPhoneSimulator.Build.0 = Release|iPhoneSimulator
		{8BF47A3A-9CF7-4DDD-8EE7-163EC80BE2EA}.Release|iPhoneSimulator.Deploy.0 = Release|iPhoneSimulator
		{8BF47A3A-9CF7-4DDD-8EE7-163EC80BE2EA}.Release|x64.ActiveCfg = Release|iPhoneSimulator
		{8BF47A3A-9CF7-4DDD-8EE7-163EC80BE2EA}.Release|x64.Build.0 = Release|iPhoneSimulator
		{8BF47A3A-9CF7-4DDD-8EE7-163EC80BE2EA}.Release|x64.Deploy.0 = Release|iPhoneSimulator
		{8BF47A3A-9CF7-4DDD-8EE7-163EC80BE2EA}.Release|x86.ActiveCfg = Release|iPhoneSimulator
		{8BF47A3A-9CF7-4DDD-8EE7-163EC80BE2EA}.Release|x86.Build.0 = Release|iPhoneSimulator
		{8BF47A3A-9CF7-4DDD-8EE7-163EC80BE2EA}.Release|x86.Deploy.0 = Release|iPhoneSimulator
		{2FFAF597-A41D-443D-A47B-0C2C3A86AC75}.Debug|Any CPU.ActiveCfg = Debug|Any CPU
		{2FFAF597-A41D-443D-A47B-0C2C3A86AC75}.Debug|Any CPU.Build.0 = Debug|Any CPU
		{2FFAF597-A41D-443D-A47B-0C2C3A86AC75}.Debug|Any CPU.Deploy.0 = Debug|Any CPU
		{2FFAF597-A41D-443D-A47B-0C2C3A86AC75}.Debug|ARM.ActiveCfg = Debug|Any CPU
		{2FFAF597-A41D-443D-A47B-0C2C3A86AC75}.Debug|ARM.Build.0 = Debug|Any CPU
		{2FFAF597-A41D-443D-A47B-0C2C3A86AC75}.Debug|ARM.Deploy.0 = Debug|Any CPU
		{2FFAF597-A41D-443D-A47B-0C2C3A86AC75}.Debug|iPhone.ActiveCfg = Debug|Any CPU
		{2FFAF597-A41D-443D-A47B-0C2C3A86AC75}.Debug|iPhone.Build.0 = Debug|Any CPU
		{2FFAF597-A41D-443D-A47B-0C2C3A86AC75}.Debug|iPhone.Deploy.0 = Debug|Any CPU
		{2FFAF597-A41D-443D-A47B-0C2C3A86AC75}.Debug|iPhoneSimulator.ActiveCfg = Debug|Any CPU
		{2FFAF597-A41D-443D-A47B-0C2C3A86AC75}.Debug|iPhoneSimulator.Build.0 = Debug|Any CPU
		{2FFAF597-A41D-443D-A47B-0C2C3A86AC75}.Debug|iPhoneSimulator.Deploy.0 = Debug|Any CPU
		{2FFAF597-A41D-443D-A47B-0C2C3A86AC75}.Debug|x64.ActiveCfg = Debug|Any CPU
		{2FFAF597-A41D-443D-A47B-0C2C3A86AC75}.Debug|x64.Build.0 = Debug|Any CPU
		{2FFAF597-A41D-443D-A47B-0C2C3A86AC75}.Debug|x64.Deploy.0 = Debug|Any CPU
		{2FFAF597-A41D-443D-A47B-0C2C3A86AC75}.Debug|x86.ActiveCfg = Debug|Any CPU
		{2FFAF597-A41D-443D-A47B-0C2C3A86AC75}.Debug|x86.Build.0 = Debug|Any CPU
		{2FFAF597-A41D-443D-A47B-0C2C3A86AC75}.Debug|x86.Deploy.0 = Debug|Any CPU
		{2FFAF597-A41D-443D-A47B-0C2C3A86AC75}.Release|Any CPU.ActiveCfg = Release|Any CPU
		{2FFAF597-A41D-443D-A47B-0C2C3A86AC75}.Release|Any CPU.Build.0 = Release|Any CPU
		{2FFAF597-A41D-443D-A47B-0C2C3A86AC75}.Release|Any CPU.Deploy.0 = Release|Any CPU
		{2FFAF597-A41D-443D-A47B-0C2C3A86AC75}.Release|ARM.ActiveCfg = Release|Any CPU
		{2FFAF597-A41D-443D-A47B-0C2C3A86AC75}.Release|ARM.Build.0 = Release|Any CPU
		{2FFAF597-A41D-443D-A47B-0C2C3A86AC75}.Release|ARM.Deploy.0 = Release|Any CPU
		{2FFAF597-A41D-443D-A47B-0C2C3A86AC75}.Release|iPhone.ActiveCfg = Release|Any CPU
		{2FFAF597-A41D-443D-A47B-0C2C3A86AC75}.Release|iPhone.Build.0 = Release|Any CPU
		{2FFAF597-A41D-443D-A47B-0C2C3A86AC75}.Release|iPhone.Deploy.0 = Release|Any CPU
		{2FFAF597-A41D-443D-A47B-0C2C3A86AC75}.Release|iPhoneSimulator.ActiveCfg = Release|Any CPU
		{2FFAF597-A41D-443D-A47B-0C2C3A86AC75}.Release|iPhoneSimulator.Build.0 = Release|Any CPU
		{2FFAF597-A41D-443D-A47B-0C2C3A86AC75}.Release|iPhoneSimulator.Deploy.0 = Release|Any CPU
		{2FFAF597-A41D-443D-A47B-0C2C3A86AC75}.Release|x64.ActiveCfg = Release|Any CPU
		{2FFAF597-A41D-443D-A47B-0C2C3A86AC75}.Release|x64.Build.0 = Release|Any CPU
		{2FFAF597-A41D-443D-A47B-0C2C3A86AC75}.Release|x64.Deploy.0 = Release|Any CPU
		{2FFAF597-A41D-443D-A47B-0C2C3A86AC75}.Release|x86.ActiveCfg = Release|Any CPU
		{2FFAF597-A41D-443D-A47B-0C2C3A86AC75}.Release|x86.Build.0 = Release|Any CPU
		{2FFAF597-A41D-443D-A47B-0C2C3A86AC75}.Release|x86.Deploy.0 = Release|Any CPU
	EndGlobalSection
	GlobalSection(SolutionProperties) = preSolution
		HideSolutionNode = FALSE
	EndGlobalSection
	GlobalSection(ExtensibilityGlobals) = postSolution
		SolutionGuid = {F5B370D6-EF2D-4810-8FA2-0946E481F9AF}
	EndGlobalSection
EndGlobal
