
Microsoft Visual Studio Solution File, Format Version 12.00
# Visual Studio Version 16
VisualStudioVersion = 16.0.30406.217
MinimumVisualStudioVersion = 10.0.40219.1
Project("{FAE04EC0-301F-11D3-BF4B-00C04F79EFBC}") = "MergeSort", "MergeSort.csproj", "{FC7DA64E-818D-4C97-8EE9-B11274FB70AD}"
EndProject
Global
	GlobalSection(SolutionConfigurationPlatforms) = preSolution
		Debug|Any CPU = Debug|Any CPU
		Release|Any CPU = Release|Any CPU
	EndGlobalSection
	GlobalSection(ProjectConfigurationPlatforms) = postSolution
		{FC7DA64E-818D-4C97-8EE9-B11274FB70AD}.Debug|Any CPU.ActiveCfg = Debug|Any CPU
		{FC7DA64E-818D-4C97-8EE9-B11274FB70AD}.Debug|Any CPU.Build.0 = Debug|Any CPU
		{FC7DA64E-818D-4C97-8EE9-B11274FB70AD}.Release|Any CPU.ActiveCfg = Release|Any CPU
		{FC7DA64E-818D-4C97-8EE9-B11274FB70AD}.Release|Any CPU.Build.0 = Release|Any CPU
	EndGlobalSection
	GlobalSection(SolutionProperties) = preSolution
		HideSolutionNode = FALSE
	EndGlobalSection
	GlobalSection(ExtensibilityGlobals) = postSolution
		SolutionGuid = {926764B7-16BE-4E5F-876F-DCD28E1D7078}
	EndGlobalSection
EndGlobal
