
Microsoft Visual Studio Solution File, Format Version 12.00
# Visual Studio Version 16
VisualStudioVersion = 16.0.30225.117
MinimumVisualStudioVersion = 10.0.40219.1
Project("{FAE04EC0-301F-11D3-BF4B-00C04F79EFBC}") = "19_Cannon", "..\19_Cannon\19_Cannon.csproj", "{08682FB8-BEE7-45F2-A8BA-3ADD17C6D8FC}"
EndProject
Project("{FAE04EC0-301F-11D3-BF4B-00C04F79EFBC}") = "20_Buttons", "..\20_Buttons\20_Buttons.csproj", "{6F078B3B-0A67-45EC-A54B-42E5945F36A2}"
EndProject
Project("{FAE04EC0-301F-11D3-BF4B-00C04F79EFBC}") = "21_CodeButtons", "..\21_CodeButtons\21_CodeButtons.csproj", "{506EBA99-47CE-46CD-9BEB-E1A572C1303F}"
EndProject
Project("{FAE04EC0-301F-11D3-BF4B-00C04F79EFBC}") = "_2020_07_23_FormAssignment", "_2020_07_23_FormAssignment\_2020_07_23_FormAssignment.csproj", "{3D54C51E-EEF4-41CD-9177-2AEFA6B50359}"
EndProject
Global
	GlobalSection(SolutionConfigurationPlatforms) = preSolution
		Debug|Any CPU = Debug|Any CPU
		Release|Any CPU = Release|Any CPU
	EndGlobalSection
	GlobalSection(ProjectConfigurationPlatforms) = postSolution
		{08682FB8-BEE7-45F2-A8BA-3ADD17C6D8FC}.Debug|Any CPU.ActiveCfg = Debug|Any CPU
		{08682FB8-BEE7-45F2-A8BA-3ADD17C6D8FC}.Debug|Any CPU.Build.0 = Debug|Any CPU
		{08682FB8-BEE7-45F2-A8BA-3ADD17C6D8FC}.Release|Any CPU.ActiveCfg = Release|Any CPU
		{08682FB8-BEE7-45F2-A8BA-3ADD17C6D8FC}.Release|Any CPU.Build.0 = Release|Any CPU
		{6F078B3B-0A67-45EC-A54B-42E5945F36A2}.Debug|Any CPU.ActiveCfg = Debug|Any CPU
		{6F078B3B-0A67-45EC-A54B-42E5945F36A2}.Debug|Any CPU.Build.0 = Debug|Any CPU
		{6F078B3B-0A67-45EC-A54B-42E5945F36A2}.Release|Any CPU.ActiveCfg = Release|Any CPU
		{6F078B3B-0A67-45EC-A54B-42E5945F36A2}.Release|Any CPU.Build.0 = Release|Any CPU
		{506EBA99-47CE-46CD-9BEB-E1A572C1303F}.Debug|Any CPU.ActiveCfg = Debug|Any CPU
		{506EBA99-47CE-46CD-9BEB-E1A572C1303F}.Debug|Any CPU.Build.0 = Debug|Any CPU
		{506EBA99-47CE-46CD-9BEB-E1A572C1303F}.Release|Any CPU.ActiveCfg = Release|Any CPU
		{506EBA99-47CE-46CD-9BEB-E1A572C1303F}.Release|Any CPU.Build.0 = Release|Any CPU
		{3D54C51E-EEF4-41CD-9177-2AEFA6B50359}.Debug|Any CPU.ActiveCfg = Debug|Any CPU
		{3D54C51E-EEF4-41CD-9177-2AEFA6B50359}.Debug|Any CPU.Build.0 = Debug|Any CPU
		{3D54C51E-EEF4-41CD-9177-2AEFA6B50359}.Release|Any CPU.ActiveCfg = Release|Any CPU
		{3D54C51E-EEF4-41CD-9177-2AEFA6B50359}.Release|Any CPU.Build.0 = Release|Any CPU
	EndGlobalSection
	GlobalSection(SolutionProperties) = preSolution
		HideSolutionNode = FALSE
	EndGlobalSection
	GlobalSection(ExtensibilityGlobals) = postSolution
		SolutionGuid = {D84FD782-BDD3-49C9-B8F2-F4715F5D926D}
	EndGlobalSection
EndGlobal
